Microsoft Visual Studio Solution File, Format Version 12.00
# Visual Studio Version 17
VisualStudioVersion = 17.5.2.0
MinimumVisualStudioVersion = 10.0.40219.1
Project("{FAE04EC0-301F-11D3-BF4B-00C04F79EFBC}") = "BooksManagementAPI", "BooksManagementAPI.csproj", "{50519A46-426F-C041-D802-048249D094E1}"
EndProject
Global
	GlobalSection(SolutionConfigurationPlatforms) = preSolution
		Debug|Any CPU = Debug|Any CPU
		Release|Any CPU = Release|Any CPU
	EndGlobalSection
	GlobalSection(ProjectConfigurationPlatforms) = postSolution
		{50519A46-426F-C041-D802-048249D094E1}.Debug|Any CPU.ActiveCfg = Debug|Any CPU
		{50519A46-426F-C041-D802-048249D094E1}.Debug|Any CPU.Build.0 = Debug|Any CPU
		{50519A46-426F-C041-D802-048249D094E1}.Release|Any CPU.ActiveCfg = Release|Any CPU
		{50519A46-426F-C041-D802-048249D094E1}.Release|Any CPU.Build.0 = Release|Any CPU
	EndGlobalSection
	GlobalSection(SolutionProperties) = preSolution
		HideSolutionNode = FALSE
	EndGlobalSection
	GlobalSection(ExtensibilityGlobals) = postSolution
		SolutionGuid = {5A48C82B-9957-4220-BE06-9428CF37A581}
	EndGlobalSection
EndGlobal
